
Microsoft Visual Studio Solution File, Format Version 12.00
# Visual Studio 2013
VisualStudioVersion = 12.0.21005.1
MinimumVisualStudioVersion = 10.0.40219.1
Project("{FAE04EC0-301F-11D3-BF4B-00C04F79EFBC}") = "Holidays.Web", "HolidaysWeb\Holidays.Web.csproj", "{68675872-48F1-43CA-AF47-40456360D528}"
EndProject
Project("{2150E333-8FDC-42A3-9474-1A3956D46DE8}") = "01.Web", "01.Web", "{C40E889D-EFBF-4C64-996D-5B5C5737E2DB}"
EndProject
Project("{2150E333-8FDC-42A3-9474-1A3956D46DE8}") = "02.Service", "02.Service", "{B07DD8BA-4F77-4788-97F5-A4FAB4E4FC93}"
EndProject
Project("{2150E333-8FDC-42A3-9474-1A3956D46DE8}") = "03.Repository", "03.Repository", "{97F933B8-29F6-4FF1-BB9E-FDC11CBD1ACB}"
EndProject
Project("{2150E333-8FDC-42A3-9474-1A3956D46DE8}") = "04.Infrastructure", "04.Infrastructure", "{D8891707-32CF-4E4E-AC82-7B7E69C9ABC4}"
EndProject
Project("{FAE04EC0-301F-11D3-BF4B-00C04F79EFBC}") = "Holidays.Model", "Holidays.Model\Holidays.Model.csproj", "{C490F3A9-33B0-4EB3-8AE0-2D8884ACA3D8}"
EndProject
Project("{FAE04EC0-301F-11D3-BF4B-00C04F79EFBC}") = "Holidays.DI", "Holidays.DI\Holidays.DI.csproj", "{4DF5A7FF-7E1D-4004-B438-CECDF16C8817}"
EndProject
Project("{FAE04EC0-301F-11D3-BF4B-00C04F79EFBC}") = "Holidays.Common", "Holidays.Common\Holidays.Common.csproj", "{6E1C3416-44F3-4FAC-82F0-92B0688C6325}"
EndProject
Project("{FAE04EC0-301F-11D3-BF4B-00C04F79EFBC}") = "Holidays.IDAL", "Holidays.IDAL\Holidays.IDAL.csproj", "{FC9AFC3B-DD11-406C-8778-A326CE3DBE90}"
EndProject
Project("{FAE04EC0-301F-11D3-BF4B-00C04F79EFBC}") = "Holidays.DALMSSQL", "Holidays.DALMSSQL\Holidays.DALMSSQL.csproj", "{E6741404-1D45-4022-BBD6-05AB24754629}"
EndProject
Project("{FAE04EC0-301F-11D3-BF4B-00C04F79EFBC}") = "Holidays.IBLL", "Holidays.IBLL\Holidays.IBLL.csproj", "{B74DFD17-1EA5-4B14-AF10-C1AC7DC82F12}"
EndProject
Project("{FAE04EC0-301F-11D3-BF4B-00C04F79EFBC}") = "Holidays.BLL", "Holidays.BLL\Holidays.BLL.csproj", "{A63571A9-A40A-4AEB-902B-5FCF3AA80230}"
EndProject
Global
	GlobalSection(SolutionConfigurationPlatforms) = preSolution
		Debug|Any CPU = Debug|Any CPU
		Release|Any CPU = Release|Any CPU
	EndGlobalSection
	GlobalSection(ProjectConfigurationPlatforms) = postSolution
		{68675872-48F1-43CA-AF47-40456360D528}.Debug|Any CPU.ActiveCfg = Debug|Any CPU
		{68675872-48F1-43CA-AF47-40456360D528}.Debug|Any CPU.Build.0 = Debug|Any CPU
		{68675872-48F1-43CA-AF47-40456360D528}.Release|Any CPU.ActiveCfg = Release|Any CPU
		{68675872-48F1-43CA-AF47-40456360D528}.Release|Any CPU.Build.0 = Release|Any CPU
		{C490F3A9-33B0-4EB3-8AE0-2D8884ACA3D8}.Debug|Any CPU.ActiveCfg = Debug|Any CPU
		{C490F3A9-33B0-4EB3-8AE0-2D8884ACA3D8}.Debug|Any CPU.Build.0 = Debug|Any CPU
		{C490F3A9-33B0-4EB3-8AE0-2D8884ACA3D8}.Release|Any CPU.ActiveCfg = Release|Any CPU
		{C490F3A9-33B0-4EB3-8AE0-2D8884ACA3D8}.Release|Any CPU.Build.0 = Release|Any CPU
		{4DF5A7FF-7E1D-4004-B438-CECDF16C8817}.Debug|Any CPU.ActiveCfg = Debug|Any CPU
		{4DF5A7FF-7E1D-4004-B438-CECDF16C8817}.Debug|Any CPU.Build.0 = Debug|Any CPU
		{4DF5A7FF-7E1D-4004-B438-CECDF16C8817}.Release|Any CPU.ActiveCfg = Release|Any CPU
		{4DF5A7FF-7E1D-4004-B438-CECDF16C8817}.Release|Any CPU.Build.0 = Release|Any CPU
		{6E1C3416-44F3-4FAC-82F0-92B0688C6325}.Debug|Any CPU.ActiveCfg = Debug|Any CPU
		{6E1C3416-44F3-4FAC-82F0-92B0688C6325}.Debug|Any CPU.Build.0 = Debug|Any CPU
		{6E1C3416-44F3-4FAC-82F0-92B0688C6325}.Release|Any CPU.ActiveCfg = Release|Any CPU
		{6E1C3416-44F3-4FAC-82F0-92B0688C6325}.Release|Any CPU.Build.0 = Release|Any CPU
		{FC9AFC3B-DD11-406C-8778-A326CE3DBE90}.Debug|Any CPU.ActiveCfg = Debug|Any CPU
		{FC9AFC3B-DD11-406C-8778-A326CE3DBE90}.Debug|Any CPU.Build.0 = Debug|Any CPU
		{FC9AFC3B-DD11-406C-8778-A326CE3DBE90}.Release|Any CPU.ActiveCfg = Release|Any CPU
		{FC9AFC3B-DD11-406C-8778-A326CE3DBE90}.Release|Any CPU.Build.0 = Release|Any CPU
		{E6741404-1D45-4022-BBD6-05AB24754629}.Debug|Any CPU.ActiveCfg = Debug|Any CPU
		{E6741404-1D45-4022-BBD6-05AB24754629}.Debug|Any CPU.Build.0 = Debug|Any CPU
		{E6741404-1D45-4022-BBD6-05AB24754629}.Release|Any CPU.ActiveCfg = Release|Any CPU
		{E6741404-1D45-4022-BBD6-05AB24754629}.Release|Any CPU.Build.0 = Release|Any CPU
		{B74DFD17-1EA5-4B14-AF10-C1AC7DC82F12}.Debug|Any CPU.ActiveCfg = Debug|Any CPU
		{B74DFD17-1EA5-4B14-AF10-C1AC7DC82F12}.Debug|Any CPU.Build.0 = Debug|Any CPU
		{B74DFD17-1EA5-4B14-AF10-C1AC7DC82F12}.Release|Any CPU.ActiveCfg = Release|Any CPU
		{B74DFD17-1EA5-4B14-AF10-C1AC7DC82F12}.Release|Any CPU.Build.0 = Release|Any CPU
		{A63571A9-A40A-4AEB-902B-5FCF3AA80230}.Debug|Any CPU.ActiveCfg = Debug|Any CPU
		{A63571A9-A40A-4AEB-902B-5FCF3AA80230}.Debug|Any CPU.Build.0 = Debug|Any CPU
		{A63571A9-A40A-4AEB-902B-5FCF3AA80230}.Release|Any CPU.ActiveCfg = Release|Any CPU
		{A63571A9-A40A-4AEB-902B-5FCF3AA80230}.Release|Any CPU.Build.0 = Release|Any CPU
	EndGlobalSection
	GlobalSection(SolutionProperties) = preSolution
		HideSolutionNode = FALSE
	EndGlobalSection
	GlobalSection(NestedProjects) = preSolution
		{68675872-48F1-43CA-AF47-40456360D528} = {C40E889D-EFBF-4C64-996D-5B5C5737E2DB}
		{B74DFD17-1EA5-4B14-AF10-C1AC7DC82F12} = {B07DD8BA-4F77-4788-97F5-A4FAB4E4FC93}
		{A63571A9-A40A-4AEB-902B-5FCF3AA80230} = {B07DD8BA-4F77-4788-97F5-A4FAB4E4FC93}
		{FC9AFC3B-DD11-406C-8778-A326CE3DBE90} = {97F933B8-29F6-4FF1-BB9E-FDC11CBD1ACB}
		{E6741404-1D45-4022-BBD6-05AB24754629} = {97F933B8-29F6-4FF1-BB9E-FDC11CBD1ACB}
		{C490F3A9-33B0-4EB3-8AE0-2D8884ACA3D8} = {D8891707-32CF-4E4E-AC82-7B7E69C9ABC4}
		{4DF5A7FF-7E1D-4004-B438-CECDF16C8817} = {D8891707-32CF-4E4E-AC82-7B7E69C9ABC4}
		{6E1C3416-44F3-4FAC-82F0-92B0688C6325} = {D8891707-32CF-4E4E-AC82-7B7E69C9ABC4}
	EndGlobalSection
EndGlobal
